
Microsoft Visual Studio Solution File, Format Version 12.00
# Visual Studio 2013
VisualStudioVersion = 12.0.30501.0
MinimumVisualStudioVersion = 10.0.40219.1
Project("{FAE04EC0-301F-11D3-BF4B-00C04F79EFBC}") = "Kesha", "src\Kesha\Kesha.csproj", "{FAA7D2AC-210B-4988-8C5D-0732C3DD7C7A}"
EndProject
Project("{FAE04EC0-301F-11D3-BF4B-00C04F79EFBC}") = "Kesha.Tests", "src\Kesha.Tests\Kesha.Tests.csproj", "{E8F3ADD8-6944-4DAE-B023-170615581A07}"
EndProject
Project("{FAE04EC0-301F-11D3-BF4B-00C04F79EFBC}") = "Kesha.Console.Example", "src\Kesha.Console.Example\Kesha.Console.Example.csproj", "{5400E0CA-5353-4D14-AE5E-64E9C625F847}"
EndProject
Global
	GlobalSection(SolutionConfigurationPlatforms) = preSolution
		Debug|Any CPU = Debug|Any CPU
		Release|Any CPU = Release|Any CPU
	EndGlobalSection
	GlobalSection(ProjectConfigurationPlatforms) = postSolution
		{FAA7D2AC-210B-4988-8C5D-0732C3DD7C7A}.Debug|Any CPU.ActiveCfg = Debug|Any CPU
		{FAA7D2AC-210B-4988-8C5D-0732C3DD7C7A}.Debug|Any CPU.Build.0 = Debug|Any CPU
		{FAA7D2AC-210B-4988-8C5D-0732C3DD7C7A}.Release|Any CPU.ActiveCfg = Release|Any CPU
		{FAA7D2AC-210B-4988-8C5D-0732C3DD7C7A}.Release|Any CPU.Build.0 = Release|Any CPU
		{E8F3ADD8-6944-4DAE-B023-170615581A07}.Debug|Any CPU.ActiveCfg = Debug|Any CPU
		{E8F3ADD8-6944-4DAE-B023-170615581A07}.Debug|Any CPU.Build.0 = Debug|Any CPU
		{E8F3ADD8-6944-4DAE-B023-170615581A07}.Release|Any CPU.ActiveCfg = Release|Any CPU
		{E8F3ADD8-6944-4DAE-B023-170615581A07}.Release|Any CPU.Build.0 = Release|Any CPU
		{5400E0CA-5353-4D14-AE5E-64E9C625F847}.Debug|Any CPU.ActiveCfg = Debug|Any CPU
		{5400E0CA-5353-4D14-AE5E-64E9C625F847}.Debug|Any CPU.Build.0 = Debug|Any CPU
		{5400E0CA-5353-4D14-AE5E-64E9C625F847}.Release|Any CPU.ActiveCfg = Release|Any CPU
		{5400E0CA-5353-4D14-AE5E-64E9C625F847}.Release|Any CPU.Build.0 = Release|Any CPU
	EndGlobalSection
	GlobalSection(SolutionProperties) = preSolution
		HideSolutionNode = FALSE
	EndGlobalSection
EndGlobal
